
Microsoft Visual Studio Solution File, Format Version 12.00
Project("{FAE04EC0-301F-11D3-BF4B-00C04F79EFBC}") = "OTA_CLI", "OTA_CLI\OTA_CLI.csproj", "{8BC0A13F-786C-4719-AD38-A56746A7DBCB}"
EndProject
Project("{FAE04EC0-301F-11D3-BF4B-00C04F79EFBC}") = "Tests", "Tests\Tests.csproj", "{3923C0A7-8EC1-42AB-A557-A2B43478834D}"
EndProject
Global
	GlobalSection(SolutionConfigurationPlatforms) = preSolution
		Debug|Any CPU = Debug|Any CPU
		Release|Any CPU = Release|Any CPU
	EndGlobalSection
	GlobalSection(ProjectConfigurationPlatforms) = postSolution
		{8BC0A13F-786C-4719-AD38-A56746A7DBCB}.Debug|Any CPU.ActiveCfg = Debug|Any CPU
		{8BC0A13F-786C-4719-AD38-A56746A7DBCB}.Debug|Any CPU.Build.0 = Debug|Any CPU
		{8BC0A13F-786C-4719-AD38-A56746A7DBCB}.Release|Any CPU.ActiveCfg = Release|Any CPU
		{8BC0A13F-786C-4719-AD38-A56746A7DBCB}.Release|Any CPU.Build.0 = Release|Any CPU
		{3923C0A7-8EC1-42AB-A557-A2B43478834D}.Debug|Any CPU.ActiveCfg = Debug|Any CPU
		{3923C0A7-8EC1-42AB-A557-A2B43478834D}.Debug|Any CPU.Build.0 = Debug|Any CPU
		{3923C0A7-8EC1-42AB-A557-A2B43478834D}.Release|Any CPU.ActiveCfg = Release|Any CPU
		{3923C0A7-8EC1-42AB-A557-A2B43478834D}.Release|Any CPU.Build.0 = Release|Any CPU
	EndGlobalSection
EndGlobal
